
Microsoft Visual Studio Solution File, Format Version 12.00
# Visual Studio Version 17
VisualStudioVersion = 17.9.34310.174
MinimumVisualStudioVersion = 10.0.40219.1
Project("{9A19103F-16F7-4668-BE54-9A1E7A4F7556}") = "RacingDigital.Services", "RacingDigital.Services\RacingDigital.Services.csproj", "{7D1CB098-E9A1-461B-895E-EEEAD47F77C1}"
EndProject
Project("{9A19103F-16F7-4668-BE54-9A1E7A4F7556}") = "RacingDigital.WebAPI", "RacingDigital.WebApi\RacingDigital.WebAPI.csproj", "{59BD9D49-207A-43C5-AC93-EC5CDCC69E5A}"
EndProject
Project("{9A19103F-16F7-4668-BE54-9A1E7A4F7556}") = "RacingDigital.Models", "RacingDigital.Models\RacingDigital.Models.csproj", "{006FA2CD-DDCE-41C1-9C4A-10090010F60D}"
EndProject
Project("{9A19103F-16F7-4668-BE54-9A1E7A4F7556}") = "RacingDigital.WebUI", "RacingDigital.WebUI\RacingDigital.WebUI.csproj", "{B7EC8EEE-C36B-4D5D-965B-B24B378D927F}"
EndProject
Global
	GlobalSection(SolutionConfigurationPlatforms) = preSolution
		Debug|Any CPU = Debug|Any CPU
		Release|Any CPU = Release|Any CPU
	EndGlobalSection
	GlobalSection(ProjectConfigurationPlatforms) = postSolution
		{7D1CB098-E9A1-461B-895E-EEEAD47F77C1}.Debug|Any CPU.ActiveCfg = Debug|Any CPU
		{7D1CB098-E9A1-461B-895E-EEEAD47F77C1}.Debug|Any CPU.Build.0 = Debug|Any CPU
		{7D1CB098-E9A1-461B-895E-EEEAD47F77C1}.Release|Any CPU.ActiveCfg = Release|Any CPU
		{7D1CB098-E9A1-461B-895E-EEEAD47F77C1}.Release|Any CPU.Build.0 = Release|Any CPU
		{59BD9D49-207A-43C5-AC93-EC5CDCC69E5A}.Debug|Any CPU.ActiveCfg = Debug|Any CPU
		{59BD9D49-207A-43C5-AC93-EC5CDCC69E5A}.Debug|Any CPU.Build.0 = Debug|Any CPU
		{59BD9D49-207A-43C5-AC93-EC5CDCC69E5A}.Release|Any CPU.ActiveCfg = Release|Any CPU
		{59BD9D49-207A-43C5-AC93-EC5CDCC69E5A}.Release|Any CPU.Build.0 = Release|Any CPU
		{006FA2CD-DDCE-41C1-9C4A-10090010F60D}.Debug|Any CPU.ActiveCfg = Debug|Any CPU
		{006FA2CD-DDCE-41C1-9C4A-10090010F60D}.Debug|Any CPU.Build.0 = Debug|Any CPU
		{006FA2CD-DDCE-41C1-9C4A-10090010F60D}.Release|Any CPU.ActiveCfg = Release|Any CPU
		{006FA2CD-DDCE-41C1-9C4A-10090010F60D}.Release|Any CPU.Build.0 = Release|Any CPU
		{B7EC8EEE-C36B-4D5D-965B-B24B378D927F}.Debug|Any CPU.ActiveCfg = Debug|Any CPU
		{B7EC8EEE-C36B-4D5D-965B-B24B378D927F}.Debug|Any CPU.Build.0 = Debug|Any CPU
		{B7EC8EEE-C36B-4D5D-965B-B24B378D927F}.Release|Any CPU.ActiveCfg = Release|Any CPU
		{B7EC8EEE-C36B-4D5D-965B-B24B378D927F}.Release|Any CPU.Build.0 = Release|Any CPU
	EndGlobalSection
	GlobalSection(SolutionProperties) = preSolution
		HideSolutionNode = FALSE
	EndGlobalSection
	GlobalSection(ExtensibilityGlobals) = postSolution
		SolutionGuid = {CFF0E88F-BA14-42BB-9F93-147E4F1BE474}
	EndGlobalSection
EndGlobal
